
Microsoft Visual Studio Solution File, Format Version 12.00
# Visual Studio Version 17
VisualStudioVersion = 17.8.34525.116
MinimumVisualStudioVersion = 10.0.40219.1
Project("{FAE04EC0-301F-11D3-BF4B-00C04F79EFBC}") = "GA_Recursion_TylerSimpson", "GA_Recursion_TylerSimpson.csproj", "{EDF4741C-21F3-4993-9E8E-20BFA10E96CD}"
EndProject
Global
	GlobalSection(SolutionConfigurationPlatforms) = preSolution
		Debug|Any CPU = Debug|Any CPU
		Release|Any CPU = Release|Any CPU
	EndGlobalSection
	GlobalSection(ProjectConfigurationPlatforms) = postSolution
		{EDF4741C-21F3-4993-9E8E-20BFA10E96CD}.Debug|Any CPU.ActiveCfg = Debug|Any CPU
		{EDF4741C-21F3-4993-9E8E-20BFA10E96CD}.Debug|Any CPU.Build.0 = Debug|Any CPU
		{EDF4741C-21F3-4993-9E8E-20BFA10E96CD}.Release|Any CPU.ActiveCfg = Release|Any CPU
		{EDF4741C-21F3-4993-9E8E-20BFA10E96CD}.Release|Any CPU.Build.0 = Release|Any CPU
	EndGlobalSection
	GlobalSection(SolutionProperties) = preSolution
		HideSolutionNode = FALSE
	EndGlobalSection
	GlobalSection(ExtensibilityGlobals) = postSolution
		SolutionGuid = {91F858F5-B5CA-4BF8-86D5-2D400A722F8F}
	EndGlobalSection
EndGlobal
